
Microsoft Visual Studio Solution File, Format Version 12.00
# Visual Studio 15
VisualStudioVersion = 15.0.28010.2050
MinimumVisualStudioVersion = 10.0.40219.1
Project("{8BC9CEB8-8B4A-11D0-8D11-00A0C91BC942}") = "OpenGL", "OpenGL\OpenGL.vcxproj", "{81A910D4-668C-4488-A831-430B44A30613}"
EndProject
Global
	GlobalSection(SolutionConfigurationPlatforms) = preSolution
		Debug|x64 = Debug|x64
		Debug|x86 = Debug|x86
		Release|x64 = Release|x64
		Release|x86 = Release|x86
	EndGlobalSection
	GlobalSection(ProjectConfigurationPlatforms) = postSolution
		{81A910D4-668C-4488-A831-430B44A30613}.Debug|x64.ActiveCfg = Debug|x64
		{81A910D4-668C-4488-A831-430B44A30613}.Debug|x64.Build.0 = Debug|x64
		{81A910D4-668C-4488-A831-430B44A30613}.Debug|x86.ActiveCfg = Debug|Win32
		{81A910D4-668C-4488-A831-430B44A30613}.Debug|x86.Build.0 = Debug|Win32
		{81A910D4-668C-4488-A831-430B44A30613}.Release|x64.ActiveCfg = Release|x64
		{81A910D4-668C-4488-A831-430B44A30613}.Release|x64.Build.0 = Release|x64
		{81A910D4-668C-4488-A831-430B44A30613}.Release|x86.ActiveCfg = Release|Win32
		{81A910D4-668C-4488-A831-430B44A30613}.Release|x86.Build.0 = Release|Win32
	EndGlobalSection
	GlobalSection(SolutionProperties) = preSolution
		HideSolutionNode = FALSE
	EndGlobalSection
	GlobalSection(ExtensibilityGlobals) = postSolution
		SolutionGuid = {D095BE37-B4C5-47FA-A07F-A4A3D1120035}
	EndGlobalSection
EndGlobal
